
Microsoft Visual Studio Solution File, Format Version 12.00
# Visual Studio Version 17
VisualStudioVersion = 17.8.34525.116
MinimumVisualStudioVersion = 10.0.40219.1
Project("{2150E333-8FDC-42A3-9474-1A3956D46DE8}") = "src", "src", "{FB57D0B8-2B50-422C-8845-9EBEF56A51F6}"
EndProject
Project("{2150E333-8FDC-42A3-9474-1A3956D46DE8}") = "tests", "tests", "{1B02AEA8-D7D9-4347-972E-555E189986BF}"
EndProject
Project("{FAE04EC0-301F-11D3-BF4B-00C04F79EFBC}") = "graph", "src\graph\graph.csproj", "{6FEFA180-8EA4-4991-922D-169AA9690667}"
EndProject
Global
	GlobalSection(SolutionConfigurationPlatforms) = preSolution
		Debug|Any CPU = Debug|Any CPU
		Release|Any CPU = Release|Any CPU
	EndGlobalSection
	GlobalSection(ProjectConfigurationPlatforms) = postSolution
		{6FEFA180-8EA4-4991-922D-169AA9690667}.Debug|Any CPU.ActiveCfg = Debug|Any CPU
		{6FEFA180-8EA4-4991-922D-169AA9690667}.Debug|Any CPU.Build.0 = Debug|Any CPU
		{6FEFA180-8EA4-4991-922D-169AA9690667}.Release|Any CPU.ActiveCfg = Release|Any CPU
		{6FEFA180-8EA4-4991-922D-169AA9690667}.Release|Any CPU.Build.0 = Release|Any CPU
	EndGlobalSection
	GlobalSection(SolutionProperties) = preSolution
		HideSolutionNode = FALSE
	EndGlobalSection
	GlobalSection(NestedProjects) = preSolution
		{6FEFA180-8EA4-4991-922D-169AA9690667} = {FB57D0B8-2B50-422C-8845-9EBEF56A51F6}
	EndGlobalSection
	GlobalSection(ExtensibilityGlobals) = postSolution
		SolutionGuid = {C0C33A79-6CCA-4BD2-B903-3FD2FC23C6AF}
	EndGlobalSection
EndGlobal
